
Microsoft Visual Studio Solution File, Format Version 12.00
# Visual Studio 15
VisualStudioVersion = 15.0.28307.1831
MinimumVisualStudioVersion = 10.0.40219.1
Project("{FAE04EC0-301F-11D3-BF4B-00C04F79EFBC}") = "Inaba", "Inaba.csproj", "{46702A12-8086-4887-93A3-0A37432C41CF}"
EndProject
Global
	GlobalSection(SolutionConfigurationPlatforms) = preSolution
		Debug|Any CPU = Debug|Any CPU
	EndGlobalSection
	GlobalSection(ProjectConfigurationPlatforms) = postSolution
		{46702A12-8086-4887-93A3-0A37432C41CF}.Debug|Any CPU.ActiveCfg = Debug|Any CPU
		{46702A12-8086-4887-93A3-0A37432C41CF}.Debug|Any CPU.Build.0 = Debug|Any CPU
	EndGlobalSection
	GlobalSection(SolutionProperties) = preSolution
		HideSolutionNode = FALSE
	EndGlobalSection
	GlobalSection(ExtensibilityGlobals) = postSolution
		SolutionGuid = {BCD789AB-AC9C-437F-B17E-14902DF100E2}
	EndGlobalSection
EndGlobal
