
Microsoft Visual Studio Solution File, Format Version 12.00
# Visual Studio 15
VisualStudioVersion = 15.0.28307.1831
MinimumVisualStudioVersion = 10.0.40219.1
Project("{FAE04EC0-301F-11D3-BF4B-00C04F79EFBC}") = "ManyMapScroll", "ManyMapScroll.csproj", "{D5B93DC2-9DAF-4F97-98DA-74473B7687B4}"
EndProject
Global
	GlobalSection(SolutionConfigurationPlatforms) = preSolution
		Debug|Any CPU = Debug|Any CPU
	EndGlobalSection
	GlobalSection(ProjectConfigurationPlatforms) = postSolution
		{D5B93DC2-9DAF-4F97-98DA-74473B7687B4}.Debug|Any CPU.ActiveCfg = Debug|Any CPU
		{D5B93DC2-9DAF-4F97-98DA-74473B7687B4}.Debug|Any CPU.Build.0 = Debug|Any CPU
	EndGlobalSection
	GlobalSection(SolutionProperties) = preSolution
		HideSolutionNode = FALSE
	EndGlobalSection
	GlobalSection(ExtensibilityGlobals) = postSolution
		SolutionGuid = {DAA3291A-EF13-43A2-ABF4-48F87BE11108}
	EndGlobalSection
EndGlobal
