
Microsoft Visual Studio Solution File, Format Version 12.00
# Visual Studio 15
VisualStudioVersion = 15.0.28307.1831
MinimumVisualStudioVersion = 10.0.40219.1
Project("{FAE04EC0-301F-11D3-BF4B-00C04F79EFBC}") = "Kirito", "Kirito.csproj", "{EE083E40-951D-4029-8CF3-25271C7ABBA4}"
EndProject
Global
	GlobalSection(SolutionConfigurationPlatforms) = preSolution
		Debug|Any CPU = Debug|Any CPU
	EndGlobalSection
	GlobalSection(ProjectConfigurationPlatforms) = postSolution
		{EE083E40-951D-4029-8CF3-25271C7ABBA4}.Debug|Any CPU.ActiveCfg = Debug|Any CPU
		{EE083E40-951D-4029-8CF3-25271C7ABBA4}.Debug|Any CPU.Build.0 = Debug|Any CPU
	EndGlobalSection
	GlobalSection(SolutionProperties) = preSolution
		HideSolutionNode = FALSE
	EndGlobalSection
	GlobalSection(ExtensibilityGlobals) = postSolution
		SolutionGuid = {0C91BEF0-EE03-4948-A69E-827005BB13C8}
	EndGlobalSection
EndGlobal
