
Microsoft Visual Studio Solution File, Format Version 12.00
# Visual Studio 15
VisualStudioVersion = 15.0.28307.1831
MinimumVisualStudioVersion = 10.0.40219.1
Project("{FAE04EC0-301F-11D3-BF4B-00C04F79EFBC}") = "VillageAlice", "VillageAlice.csproj", "{2F76FAF0-162C-4F13-B6A2-3250B9385DE3}"
EndProject
Global
	GlobalSection(SolutionConfigurationPlatforms) = preSolution
		Debug|Any CPU = Debug|Any CPU
	EndGlobalSection
	GlobalSection(ProjectConfigurationPlatforms) = postSolution
		{2F76FAF0-162C-4F13-B6A2-3250B9385DE3}.Debug|Any CPU.ActiveCfg = Debug|Any CPU
		{2F76FAF0-162C-4F13-B6A2-3250B9385DE3}.Debug|Any CPU.Build.0 = Debug|Any CPU
	EndGlobalSection
	GlobalSection(SolutionProperties) = preSolution
		HideSolutionNode = FALSE
	EndGlobalSection
	GlobalSection(ExtensibilityGlobals) = postSolution
		SolutionGuid = {3DA3860A-5A27-4172-8929-9C2B5439F704}
	EndGlobalSection
EndGlobal
