
Microsoft Visual Studio Solution File, Format Version 12.00
# Visual Studio 15
VisualStudioVersion = 15.0.28307.1831
MinimumVisualStudioVersion = 10.0.40219.1
Project("{FAE04EC0-301F-11D3-BF4B-00C04F79EFBC}") = "ShameimaruAya", "ShameimaruAya.csproj", "{EC15C73A-3995-40C0-B75A-B98431EEB504}"
EndProject
Global
	GlobalSection(SolutionConfigurationPlatforms) = preSolution
		Debug|Any CPU = Debug|Any CPU
	EndGlobalSection
	GlobalSection(ProjectConfigurationPlatforms) = postSolution
		{EC15C73A-3995-40C0-B75A-B98431EEB504}.Debug|Any CPU.ActiveCfg = Debug|Any CPU
		{EC15C73A-3995-40C0-B75A-B98431EEB504}.Debug|Any CPU.Build.0 = Debug|Any CPU
	EndGlobalSection
	GlobalSection(SolutionProperties) = preSolution
		HideSolutionNode = FALSE
	EndGlobalSection
	GlobalSection(ExtensibilityGlobals) = postSolution
		SolutionGuid = {F7ED9D35-A817-455D-80D8-1E619D81CACC}
	EndGlobalSection
EndGlobal
