
Microsoft Visual Studio Solution File, Format Version 12.00
# Visual Studio 15
VisualStudioVersion = 15.0.28307.1831
MinimumVisualStudioVersion = 10.0.40219.1
Project("{FAE04EC0-301F-11D3-BF4B-00C04F79EFBC}") = "Elana", "Elana.csproj", "{68078E58-A224-4FE7-B7BE-E96F90D99AB3}"
EndProject
Global
	GlobalSection(SolutionConfigurationPlatforms) = preSolution
		Debug|Any CPU = Debug|Any CPU
	EndGlobalSection
	GlobalSection(ProjectConfigurationPlatforms) = postSolution
		{68078E58-A224-4FE7-B7BE-E96F90D99AB3}.Debug|Any CPU.ActiveCfg = Debug|Any CPU
		{68078E58-A224-4FE7-B7BE-E96F90D99AB3}.Debug|Any CPU.Build.0 = Debug|Any CPU
	EndGlobalSection
	GlobalSection(SolutionProperties) = preSolution
		HideSolutionNode = FALSE
	EndGlobalSection
	GlobalSection(ExtensibilityGlobals) = postSolution
		SolutionGuid = {954A4637-040F-430B-8F04-264F92F1821E}
	EndGlobalSection
EndGlobal
