
Microsoft Visual Studio Solution File, Format Version 12.00
# Visual Studio 15
VisualStudioVersion = 15.0.28307.1831
MinimumVisualStudioVersion = 10.0.40219.1
Project("{FAE04EC0-301F-11D3-BF4B-00C04F79EFBC}") = "HouraisanKaguya", "HouraisanKaguya.csproj", "{0A10686E-A4E0-420B-B339-ADF7B9A2D2E6}"
EndProject
Global
	GlobalSection(SolutionConfigurationPlatforms) = preSolution
		Debug|Any CPU = Debug|Any CPU
	EndGlobalSection
	GlobalSection(ProjectConfigurationPlatforms) = postSolution
		{0A10686E-A4E0-420B-B339-ADF7B9A2D2E6}.Debug|Any CPU.ActiveCfg = Debug|Any CPU
		{0A10686E-A4E0-420B-B339-ADF7B9A2D2E6}.Debug|Any CPU.Build.0 = Debug|Any CPU
	EndGlobalSection
	GlobalSection(SolutionProperties) = preSolution
		HideSolutionNode = FALSE
	EndGlobalSection
	GlobalSection(ExtensibilityGlobals) = postSolution
		SolutionGuid = {55351583-E4CE-4D57-8292-F2E5E0A3C8C0}
	EndGlobalSection
EndGlobal
