
Microsoft Visual Studio Solution File, Format Version 12.00
# Visual Studio 15
VisualStudioVersion = 15.0.28307.1831
MinimumVisualStudioVersion = 10.0.40219.1
Project("{FAE04EC0-301F-11D3-BF4B-00C04F79EFBC}") = "Rumia", "Rumia.csproj", "{60CE12EC-8463-44FC-B19D-5AA90D0D01C1}"
EndProject
Global
	GlobalSection(SolutionConfigurationPlatforms) = preSolution
		Debug|Any CPU = Debug|Any CPU
	EndGlobalSection
	GlobalSection(ProjectConfigurationPlatforms) = postSolution
		{60CE12EC-8463-44FC-B19D-5AA90D0D01C1}.Debug|Any CPU.ActiveCfg = Debug|Any CPU
		{60CE12EC-8463-44FC-B19D-5AA90D0D01C1}.Debug|Any CPU.Build.0 = Debug|Any CPU
	EndGlobalSection
	GlobalSection(SolutionProperties) = preSolution
		HideSolutionNode = FALSE
	EndGlobalSection
	GlobalSection(ExtensibilityGlobals) = postSolution
		SolutionGuid = {A901CD1B-6432-470C-8AF5-459288961A40}
	EndGlobalSection
EndGlobal
