
Microsoft Visual Studio Solution File, Format Version 12.00
# Visual Studio 15
VisualStudioVersion = 15.0.28307.1831
MinimumVisualStudioVersion = 10.0.40219.1
Project("{FAE04EC0-301F-11D3-BF4B-00C04F79EFBC}") = "FairyLancelot", "FairyLancelot.csproj", "{7AE65375-5EFF-40AB-8F50-BFAB06C2AC10}"
EndProject
Global
	GlobalSection(SolutionConfigurationPlatforms) = preSolution
		Debug|Any CPU = Debug|Any CPU
	EndGlobalSection
	GlobalSection(ProjectConfigurationPlatforms) = postSolution
		{7AE65375-5EFF-40AB-8F50-BFAB06C2AC10}.Debug|Any CPU.ActiveCfg = Debug|Any CPU
		{7AE65375-5EFF-40AB-8F50-BFAB06C2AC10}.Debug|Any CPU.Build.0 = Debug|Any CPU
	EndGlobalSection
	GlobalSection(SolutionProperties) = preSolution
		HideSolutionNode = FALSE
	EndGlobalSection
	GlobalSection(ExtensibilityGlobals) = postSolution
		SolutionGuid = {CE00CAD9-E074-4B88-AE96-8A7FADC334B3}
	EndGlobalSection
EndGlobal
