
Microsoft Visual Studio Solution File, Format Version 12.00
# Visual Studio 15
VisualStudioVersion = 15.0.28307.1831
MinimumVisualStudioVersion = 10.0.40219.1
Project("{FAE04EC0-301F-11D3-BF4B-00C04F79EFBC}") = "Phrolova", "Phrolova.csproj", "{1F7C59E9-2A09-45E6-98D4-24BBCCE1284B}"
EndProject
Global
	GlobalSection(SolutionConfigurationPlatforms) = preSolution
		Debug|Any CPU = Debug|Any CPU
	EndGlobalSection
	GlobalSection(ProjectConfigurationPlatforms) = postSolution
		{1F7C59E9-2A09-45E6-98D4-24BBCCE1284B}.Debug|Any CPU.ActiveCfg = Debug|Any CPU
		{1F7C59E9-2A09-45E6-98D4-24BBCCE1284B}.Debug|Any CPU.Build.0 = Debug|Any CPU
	EndGlobalSection
	GlobalSection(SolutionProperties) = preSolution
		HideSolutionNode = FALSE
	EndGlobalSection
	GlobalSection(ExtensibilityGlobals) = postSolution
		SolutionGuid = {0F1BE823-45AB-49DC-B9AC-0CE10D699A69}
	EndGlobalSection
EndGlobal
