
Microsoft Visual Studio Solution File, Format Version 12.00
# Visual Studio Version 17
VisualStudioVersion = 17.14.36811.4 d17.14
MinimumVisualStudioVersion = 10.0.40219.1
Project("{FAE04EC0-301F-11D3-BF4B-00C04F79EFBC}") = "FixUpDownKeyboard", "FixUpDownKeyboard.csproj", "{5ED9EFC4-5D3E-89DE-5BA9-962ABD91DF83}"
EndProject
Global
	GlobalSection(SolutionConfigurationPlatforms) = preSolution
		Debug|Any CPU = Debug|Any CPU
	EndGlobalSection
	GlobalSection(ProjectConfigurationPlatforms) = postSolution
		{5ED9EFC4-5D3E-89DE-5BA9-962ABD91DF83}.Debug|Any CPU.ActiveCfg = Debug|Any CPU
		{5ED9EFC4-5D3E-89DE-5BA9-962ABD91DF83}.Debug|Any CPU.Build.0 = Debug|Any CPU
	EndGlobalSection
	GlobalSection(SolutionProperties) = preSolution
		HideSolutionNode = FALSE
	EndGlobalSection
	GlobalSection(ExtensibilityGlobals) = postSolution
		SolutionGuid = {2448C804-09E6-496D-BC92-0546F3D79582}
	EndGlobalSection
EndGlobal
