
Microsoft Visual Studio Solution File, Format Version 12.00
# Visual Studio 15
VisualStudioVersion = 15.0.28307.1831
MinimumVisualStudioVersion = 10.0.40219.1
Project("{FAE04EC0-301F-11D3-BF4B-00C04F79EFBC}") = "Jhin", "Jhin.csproj", "{FEF7AC85-9F1C-43BB-BA43-5087B85E2ABE}"
EndProject
Global
	GlobalSection(SolutionConfigurationPlatforms) = preSolution
		Debug|Any CPU = Debug|Any CPU
	EndGlobalSection
	GlobalSection(ProjectConfigurationPlatforms) = postSolution
		{FEF7AC85-9F1C-43BB-BA43-5087B85E2ABE}.Debug|Any CPU.ActiveCfg = Debug|Any CPU
		{FEF7AC85-9F1C-43BB-BA43-5087B85E2ABE}.Debug|Any CPU.Build.0 = Debug|Any CPU
	EndGlobalSection
	GlobalSection(SolutionProperties) = preSolution
		HideSolutionNode = FALSE
	EndGlobalSection
	GlobalSection(ExtensibilityGlobals) = postSolution
		SolutionGuid = {0AEF536F-90FE-41DB-9A38-651C01F66A73}
	EndGlobalSection
EndGlobal
