
Microsoft Visual Studio Solution File, Format Version 12.00
# Visual Studio Version 17
VisualStudioVersion = 17.14.36811.4 d17.14
MinimumVisualStudioVersion = 10.0.40219.1
Project("{FAE04EC0-301F-11D3-BF4B-00C04F79EFBC}") = "FeiyapTank", "FeiyapTank.csproj", "{27401058-F141-5962-FF6A-9853CE0BC8F3}"
EndProject
Global
	GlobalSection(SolutionConfigurationPlatforms) = preSolution
		Debug|Any CPU = Debug|Any CPU
	EndGlobalSection
	GlobalSection(ProjectConfigurationPlatforms) = postSolution
		{27401058-F141-5962-FF6A-9853CE0BC8F3}.Debug|Any CPU.ActiveCfg = Debug|Any CPU
		{27401058-F141-5962-FF6A-9853CE0BC8F3}.Debug|Any CPU.Build.0 = Debug|Any CPU
	EndGlobalSection
	GlobalSection(SolutionProperties) = preSolution
		HideSolutionNode = FALSE
	EndGlobalSection
	GlobalSection(ExtensibilityGlobals) = postSolution
		SolutionGuid = {55FF79F5-B9CE-43FC-9FE4-CF2E5567A30B}
	EndGlobalSection
EndGlobal
