
Microsoft Visual Studio Solution File, Format Version 12.00
# Visual Studio Version 17
VisualStudioVersion = 17.14.36811.4 d17.14
MinimumVisualStudioVersion = 10.0.40219.1
Project("{FAE04EC0-301F-11D3-BF4B-00C04F79EFBC}") = "MageBasic", "MageBasic.csproj", "{34A4E962-58D2-C879-B573-8B64C5544F6B}"
EndProject
Global
	GlobalSection(SolutionConfigurationPlatforms) = preSolution
		Debug|Any CPU = Debug|Any CPU
	EndGlobalSection
	GlobalSection(ProjectConfigurationPlatforms) = postSolution
		{34A4E962-58D2-C879-B573-8B64C5544F6B}.Debug|Any CPU.ActiveCfg = Debug|Any CPU
		{34A4E962-58D2-C879-B573-8B64C5544F6B}.Debug|Any CPU.Build.0 = Debug|Any CPU
	EndGlobalSection
	GlobalSection(SolutionProperties) = preSolution
		HideSolutionNode = FALSE
	EndGlobalSection
	GlobalSection(ExtensibilityGlobals) = postSolution
		SolutionGuid = {3DA8DCFA-A22A-468A-82D2-1371A2DA70D2}
	EndGlobalSection
EndGlobal
