
Microsoft Visual Studio Solution File, Format Version 12.00
# Visual Studio 15
VisualStudioVersion = 15.0.28307.1831
MinimumVisualStudioVersion = 10.0.40219.1
Project("{FAE04EC0-301F-11D3-BF4B-00C04F79EFBC}") = "Yuyuko", "Yuyuko.csproj", "{D0ACECD2-652B-4A95-8837-708F677ADEAE}"
EndProject
Global
	GlobalSection(SolutionConfigurationPlatforms) = preSolution
		Debug|Any CPU = Debug|Any CPU
	EndGlobalSection
	GlobalSection(ProjectConfigurationPlatforms) = postSolution
		{D0ACECD2-652B-4A95-8837-708F677ADEAE}.Debug|Any CPU.ActiveCfg = Debug|Any CPU
		{D0ACECD2-652B-4A95-8837-708F677ADEAE}.Debug|Any CPU.Build.0 = Debug|Any CPU
	EndGlobalSection
	GlobalSection(SolutionProperties) = preSolution
		HideSolutionNode = FALSE
	EndGlobalSection
	GlobalSection(ExtensibilityGlobals) = postSolution
		SolutionGuid = {18D3927C-A347-4820-A6EA-06C4817D4215}
	EndGlobalSection
EndGlobal
