
Microsoft Visual Studio Solution File, Format Version 12.00
# Visual Studio 15
VisualStudioVersion = 15.0.28307.1831
MinimumVisualStudioVersion = 10.0.40219.1
Project("{FAE04EC0-301F-11D3-BF4B-00C04F79EFBC}") = "KoumakyouBoss", "KoumakyouBoss.csproj", "{3E932B92-4731-43F9-9578-A51226BCABBD}"
EndProject
Global
	GlobalSection(SolutionConfigurationPlatforms) = preSolution
		Debug|Any CPU = Debug|Any CPU
	EndGlobalSection
	GlobalSection(ProjectConfigurationPlatforms) = postSolution
		{3E932B92-4731-43F9-9578-A51226BCABBD}.Debug|Any CPU.ActiveCfg = Debug|Any CPU
		{3E932B92-4731-43F9-9578-A51226BCABBD}.Debug|Any CPU.Build.0 = Debug|Any CPU
	EndGlobalSection
	GlobalSection(SolutionProperties) = preSolution
		HideSolutionNode = FALSE
	EndGlobalSection
	GlobalSection(ExtensibilityGlobals) = postSolution
		SolutionGuid = {9165CF37-FCE3-4CEC-991C-9A12CA9C3765}
	EndGlobalSection
EndGlobal
