
Microsoft Visual Studio Solution File, Format Version 12.00
# Visual Studio 15
VisualStudioVersion = 15.0.28307.1831
MinimumVisualStudioVersion = 10.0.40219.1
Project("{FAE04EC0-301F-11D3-BF4B-00C04F79EFBC}") = "Morichika", "Morichika.csproj", "{CCAAC6CE-8FAF-4016-BEC1-0BCAE3438E03}"
EndProject
Global
	GlobalSection(SolutionConfigurationPlatforms) = preSolution
		Debug|Any CPU = Debug|Any CPU
	EndGlobalSection
	GlobalSection(ProjectConfigurationPlatforms) = postSolution
		{CCAAC6CE-8FAF-4016-BEC1-0BCAE3438E03}.Debug|Any CPU.ActiveCfg = Debug|Any CPU
		{CCAAC6CE-8FAF-4016-BEC1-0BCAE3438E03}.Debug|Any CPU.Build.0 = Debug|Any CPU
	EndGlobalSection
	GlobalSection(SolutionProperties) = preSolution
		HideSolutionNode = FALSE
	EndGlobalSection
	GlobalSection(ExtensibilityGlobals) = postSolution
		SolutionGuid = {A20F9EB6-CA8B-479E-B328-1209D923A7A5}
	EndGlobalSection
EndGlobal
