
Microsoft Visual Studio Solution File, Format Version 12.00
# Visual Studio 15
VisualStudioVersion = 15.0.28307.1831
MinimumVisualStudioVersion = 10.0.40219.1
Project("{FAE04EC0-301F-11D3-BF4B-00C04F79EFBC}") = "Feiyap", "Feiyap.csproj", "{531A093D-B59F-48B8-9A32-7F7576800917}"
EndProject
Global
	GlobalSection(SolutionConfigurationPlatforms) = preSolution
		Debug|Any CPU = Debug|Any CPU
	EndGlobalSection
	GlobalSection(ProjectConfigurationPlatforms) = postSolution
		{531A093D-B59F-48B8-9A32-7F7576800917}.Debug|Any CPU.ActiveCfg = Debug|Any CPU
		{531A093D-B59F-48B8-9A32-7F7576800917}.Debug|Any CPU.Build.0 = Debug|Any CPU
	EndGlobalSection
	GlobalSection(SolutionProperties) = preSolution
		HideSolutionNode = FALSE
	EndGlobalSection
	GlobalSection(ExtensibilityGlobals) = postSolution
		SolutionGuid = {F8976413-4C6F-44A8-B86E-E14BF259B7AC}
	EndGlobalSection
EndGlobal
