
Microsoft Visual Studio Solution File, Format Version 12.00
# Visual Studio Version 17
VisualStudioVersion = 17.10.35122.118
MinimumVisualStudioVersion = 10.0.40219.1
Project("{FAE04EC0-301F-11D3-BF4B-00C04F79EFBC}") = "szb_elena", "szb_elena.csproj", "{F418F191-130B-4D52-91E9-8B3C610FD52F}"
EndProject
Global
	GlobalSection(SolutionConfigurationPlatforms) = preSolution
		Debug|Any CPU = Debug|Any CPU
	EndGlobalSection
	GlobalSection(ProjectConfigurationPlatforms) = postSolution
		{F418F191-130B-4D52-91E9-8B3C610FD52F}.Debug|Any CPU.ActiveCfg = Debug|Any CPU
		{F418F191-130B-4D52-91E9-8B3C610FD52F}.Debug|Any CPU.Build.0 = Debug|Any CPU
	EndGlobalSection
	GlobalSection(SolutionProperties) = preSolution
		HideSolutionNode = FALSE
	EndGlobalSection
	GlobalSection(ExtensibilityGlobals) = postSolution
		SolutionGuid = {EC6D0675-306B-4D78-82B6-304F0F4C0960}
	EndGlobalSection
EndGlobal
